# This file is automatically @generated by Cargo.
# It is not intended for manual editing.
version = 4

[[package]]
name = "xenor-core"
version = "0.1.0"
source = "git+https://github.com/XENOr-god/xenor-core#06e1a6ec5a47d684ca1d33ea8c81eb4b530aeacb"

[[package]]
name = "xenor-sim"
version = "0.1.0"
dependencies = [
 "xenor-core",
]
